
Microsoft Visual Studio Solution File, Format Version 12.00
# Visual Studio Version 17
VisualStudioVersion = 17.7.34024.191
MinimumVisualStudioVersion = 10.0.40219.1
Project("{FAE04EC0-301F-11D3-BF4B-00C04F79EFBC}") = "MVVM", "MVVM\MVVM.csproj", "{C5756391-0BFA-4E4C-8218-5AE79D2D0263}"
EndProject
Global
	GlobalSection(SolutionConfigurationPlatforms) = preSolution
		Debug|Any CPU = Debug|Any CPU
		Release|Any CPU = Release|Any CPU
	EndGlobalSection
	GlobalSection(ProjectConfigurationPlatforms) = postSolution
		{C5756391-0BFA-4E4C-8218-5AE79D2D0263}.Debug|Any CPU.ActiveCfg = Debug|Any CPU
		{C5756391-0BFA-4E4C-8218-5AE79D2D0263}.Debug|Any CPU.Build.0 = Debug|Any CPU
		{C5756391-0BFA-4E4C-8218-5AE79D2D0263}.Release|Any CPU.ActiveCfg = Release|Any CPU
		{C5756391-0BFA-4E4C-8218-5AE79D2D0263}.Release|Any CPU.Build.0 = Release|Any CPU
	EndGlobalSection
	GlobalSection(SolutionProperties) = preSolution
		HideSolutionNode = FALSE
	EndGlobalSection
	GlobalSection(ExtensibilityGlobals) = postSolution
		SolutionGuid = {29C3C555-AEC9-487B-BB4E-86A4DB6F9F70}
	EndGlobalSection
EndGlobal
